
Microsoft Visual Studio Solution File, Format Version 11.00
# Visual Studio 2010
Project("{2150E333-8FDC-42A3-9474-1A3956D46DE8}") = "Common", "Common", "{F14B9744-659B-47F6-B517-8B88CDA3A3BB}"
EndProject
Project("{FAE04EC0-301F-11D3-BF4B-00C04F79EFBC}") = "Jita.Common", "Jita.Common\Jita.Common.csproj", "{C81B88F2-5AC2-4FD5-9017-4421DC63790C}"
EndProject
Project("{2150E333-8FDC-42A3-9474-1A3956D46DE8}") = "Jita.BLL", "Jita.BLL", "{8C382B32-AD8C-4D03-AABA-4B943750693E}"
EndProject
Project("{FAE04EC0-301F-11D3-BF4B-00C04F79EFBC}") = "Jita.BLL", "Jita.BLL\Jita.BLL.csproj", "{3C205B4C-4B1D-44B0-9F85-C9141C40A661}"
EndProject
Project("{2150E333-8FDC-42A3-9474-1A3956D46DE8}") = "Jita.DAL", "Jita.DAL", "{B97EA35A-8A23-4A7F-90BC-442B01070BBB}"
EndProject
Project("{FAE04EC0-301F-11D3-BF4B-00C04F79EFBC}") = "Jita.DAL", "Jita.DAL\Jita.DAL.csproj", "{CF2F9F38-6023-45E4-8306-274896CA869B}"
EndProject
Project("{2150E333-8FDC-42A3-9474-1A3956D46DE8}") = "Jita.Web", "Jita.Web", "{B20C100A-A09D-4EE8-B262-03802710A61F}"
EndProject
Project("{2150E333-8FDC-42A3-9474-1A3956D46DE8}") = "Jita.Model", "Jita.Model", "{9841F096-BC7B-4A85-82E8-6A7833CAC29A}"
EndProject
Project("{FAE04EC0-301F-11D3-BF4B-00C04F79EFBC}") = "Jita.Data.Model", "Jita.Data.Model\Jita.Data.Model.csproj", "{A6095750-6FF8-4C68-9D9E-B92F897339C3}"
EndProject
Project("{FAE04EC0-301F-11D3-BF4B-00C04F79EFBC}") = "Jita.Enum.Model", "Jita.Enum.Model\Jita.Enum.Model.csproj", "{586019C4-11DC-46FF-B33C-F5432A08B861}"
EndProject
Project("{FAE04EC0-301F-11D3-BF4B-00C04F79EFBC}") = "Jita.UI.Model", "Jita.UI.Model\Jita.UI.Model.csproj", "{D414FDA9-4F10-4511-8FA8-8AEB44525AFA}"
EndProject
Project("{2150E333-8FDC-42A3-9474-1A3956D46DE8}") = "Jita.Config", "Jita.Config", "{C649033F-C958-48BE-AB5A-DBACEB538C1F}"
EndProject
Project("{FAE04EC0-301F-11D3-BF4B-00C04F79EFBC}") = "Jita.Config", "Jita.Config\Jita.Config.csproj", "{D21CDAB5-41CC-4D87-96B1-67E7FC1C2571}"
EndProject
Project("{FAE04EC0-301F-11D3-BF4B-00C04F79EFBC}") = "Jita.Common.Attr", "Jita.Common.Attr\Jita.Common.Attr.csproj", "{A22D83C5-A7DE-4753-9B24-EC03B2249AE2}"
EndProject
Project("{E24C65DC-7377-472B-9ABA-BC803B73C61A}") = "admin.jita.com", "Jita.Web\admin.jita.com\", "{4B668A64-BEDD-4FAA-986A-5B353E353D0F}"
	ProjectSection(WebsiteProperties) = preProject
		TargetFrameworkMoniker = ".NETFramework,Version%3Dv4.0"
		Debug.AspNetCompiler.VirtualPath = "/admin.jita.com"
		Debug.AspNetCompiler.PhysicalPath = "Jita.Web\admin.jita.com\"
		Debug.AspNetCompiler.TargetPath = "PrecompiledWeb\admin.jita.com\"
		Debug.AspNetCompiler.Updateable = "true"
		Debug.AspNetCompiler.ForceOverwrite = "true"
		Debug.AspNetCompiler.FixedNames = "false"
		Debug.AspNetCompiler.Debug = "True"
		Release.AspNetCompiler.VirtualPath = "/admin.jita.com"
		Release.AspNetCompiler.PhysicalPath = "Jita.Web\admin.jita.com\"
		Release.AspNetCompiler.TargetPath = "PrecompiledWeb\admin.jita.com\"
		Release.AspNetCompiler.Updateable = "true"
		Release.AspNetCompiler.ForceOverwrite = "true"
		Release.AspNetCompiler.FixedNames = "false"
		Release.AspNetCompiler.Debug = "False"
		VWDPort = "34920"
		DefaultWebSiteLanguage = "Visual C#"
	EndProjectSection
EndProject
Project("{E24C65DC-7377-472B-9ABA-BC803B73C61A}") = "jita.com", "Jita.Web\jita.com\", "{28EFD6AD-00F9-4588-B6F4-3DC160698391}"
	ProjectSection(WebsiteProperties) = preProject
		TargetFrameworkMoniker = ".NETFramework,Version%3Dv4.0"
		ProjectReferences = "{D21CDAB5-41CC-4D87-96B1-67E7FC1C2571}|Jita.Config.dll;{C81B88F2-5AC2-4FD5-9017-4421DC63790C}|Jita.Common.dll;{95E1DB2E-C042-4874-8FB0-FC42B68B965A}|Jita.Cache.Service.dll;{E7D7756E-9ABE-4E8C-8287-DD2CE203DCF3}|Jita.Controller.dll;{DD18F081-71B8-46FF-B272-4308EEFE67B0}|Jita.Code.dll;{2F79C306-6BF2-48B7-B701-DA2A666416D4}|Jita.Common.Config.dll;{A22D83C5-A7DE-4753-9B24-EC03B2249AE2}|Jita.Common.Attr.dll;{9634D9FB-3DD5-4BD3-955B-3F1F5627211D}|Jita.Memcache.dll;{CF2F9F38-6023-45E4-8306-274896CA869B}|Jita.DAL.dll;{A6095750-6FF8-4C68-9D9E-B92F897339C3}|Jita.Data.Model.dll;"
		Debug.AspNetCompiler.VirtualPath = "/jita.com"
		Debug.AspNetCompiler.PhysicalPath = "Jita.Web\jita.com\"
		Debug.AspNetCompiler.TargetPath = "PrecompiledWeb\jita.com\"
		Debug.AspNetCompiler.Updateable = "true"
		Debug.AspNetCompiler.ForceOverwrite = "true"
		Debug.AspNetCompiler.FixedNames = "false"
		Debug.AspNetCompiler.Debug = "True"
		Release.AspNetCompiler.VirtualPath = "/jita.com"
		Release.AspNetCompiler.PhysicalPath = "Jita.Web\jita.com\"
		Release.AspNetCompiler.TargetPath = "PrecompiledWeb\jita.com\"
		Release.AspNetCompiler.Updateable = "true"
		Release.AspNetCompiler.ForceOverwrite = "true"
		Release.AspNetCompiler.FixedNames = "false"
		Release.AspNetCompiler.Debug = "False"
		VWDPort = "34924"
		DefaultWebSiteLanguage = "Visual C#"
	EndProjectSection
EndProject
Project("{2150E333-8FDC-42A3-9474-1A3956D46DE8}") = "Jita.Service", "Jita.Service", "{67FD0C94-5D1B-479E-80A1-604C3DD81882}"
EndProject
Project("{2150E333-8FDC-42A3-9474-1A3956D46DE8}") = "Jita.Tool", "Jita.Tool", "{3CBF4826-5EBE-402D-B4F5-42F5B00F57C2}"
EndProject
Project("{FAE04EC0-301F-11D3-BF4B-00C04F79EFBC}") = "Jita.Code", "Jita.Code\Jita.Code.csproj", "{DD18F081-71B8-46FF-B272-4308EEFE67B0}"
EndProject
Project("{FAE04EC0-301F-11D3-BF4B-00C04F79EFBC}") = "Jita.Memcache", "Jita.Memcache\Jita.Memcache.csproj", "{9634D9FB-3DD5-4BD3-955B-3F1F5627211D}"
EndProject
Project("{FAE04EC0-301F-11D3-BF4B-00C04F79EFBC}") = "Jita.Lucene", "Jita.Lucene\Jita.Lucene.csproj", "{673EED26-B950-4A6B-86DA-C85CB2009D33}"
EndProject
Project("{FAE04EC0-301F-11D3-BF4B-00C04F79EFBC}") = "Jita.Controller", "Jita.Controller\Jita.Controller.csproj", "{E7D7756E-9ABE-4E8C-8287-DD2CE203DCF3}"
EndProject
Project("{FAE04EC0-301F-11D3-BF4B-00C04F79EFBC}") = "Jita.Cache.Service", "Jita.Cache.Service\Jita.Cache.Service.csproj", "{95E1DB2E-C042-4874-8FB0-FC42B68B965A}"
EndProject
Project("{FAE04EC0-301F-11D3-BF4B-00C04F79EFBC}") = "Jita.Common.Config", "Jita.Common.Config\Jita.Common.Config.csproj", "{2F79C306-6BF2-48B7-B701-DA2A666416D4}"
EndProject
Project("{FAE04EC0-301F-11D3-BF4B-00C04F79EFBC}") = "Jita.ConsoleTool", "Jita.ConsoleTool\Jita.ConsoleTool.csproj", "{8E95ECDA-4F11-4C8C-B0A7-43DD50616D87}"
EndProject
Global
	GlobalSection(SolutionConfigurationPlatforms) = preSolution
		Debug|Any CPU = Debug|Any CPU
		Debug|Mixed Platforms = Debug|Mixed Platforms
		Debug|x86 = Debug|x86
		Release|Any CPU = Release|Any CPU
		Release|Mixed Platforms = Release|Mixed Platforms
		Release|x86 = Release|x86
	EndGlobalSection
	GlobalSection(ProjectConfigurationPlatforms) = postSolution
		{C81B88F2-5AC2-4FD5-9017-4421DC63790C}.Debug|Any CPU.ActiveCfg = Debug|Any CPU
		{C81B88F2-5AC2-4FD5-9017-4421DC63790C}.Debug|Any CPU.Build.0 = Debug|Any CPU
		{C81B88F2-5AC2-4FD5-9017-4421DC63790C}.Debug|Mixed Platforms.ActiveCfg = Debug|Any CPU
		{C81B88F2-5AC2-4FD5-9017-4421DC63790C}.Debug|Mixed Platforms.Build.0 = Debug|Any CPU
		{C81B88F2-5AC2-4FD5-9017-4421DC63790C}.Debug|x86.ActiveCfg = Debug|Any CPU
		{C81B88F2-5AC2-4FD5-9017-4421DC63790C}.Release|Any CPU.ActiveCfg = Release|Any CPU
		{C81B88F2-5AC2-4FD5-9017-4421DC63790C}.Release|Any CPU.Build.0 = Release|Any CPU
		{C81B88F2-5AC2-4FD5-9017-4421DC63790C}.Release|Mixed Platforms.ActiveCfg = Release|Any CPU
		{C81B88F2-5AC2-4FD5-9017-4421DC63790C}.Release|Mixed Platforms.Build.0 = Release|Any CPU
		{C81B88F2-5AC2-4FD5-9017-4421DC63790C}.Release|x86.ActiveCfg = Release|Any CPU
		{3C205B4C-4B1D-44B0-9F85-C9141C40A661}.Debug|Any CPU.ActiveCfg = Debug|Any CPU
		{3C205B4C-4B1D-44B0-9F85-C9141C40A661}.Debug|Any CPU.Build.0 = Debug|Any CPU
		{3C205B4C-4B1D-44B0-9F85-C9141C40A661}.Debug|Mixed Platforms.ActiveCfg = Debug|Any CPU
		{3C205B4C-4B1D-44B0-9F85-C9141C40A661}.Debug|Mixed Platforms.Build.0 = Debug|Any CPU
		{3C205B4C-4B1D-44B0-9F85-C9141C40A661}.Debug|x86.ActiveCfg = Debug|Any CPU
		{3C205B4C-4B1D-44B0-9F85-C9141C40A661}.Release|Any CPU.ActiveCfg = Release|Any CPU
		{3C205B4C-4B1D-44B0-9F85-C9141C40A661}.Release|Any CPU.Build.0 = Release|Any CPU
		{3C205B4C-4B1D-44B0-9F85-C9141C40A661}.Release|Mixed Platforms.ActiveCfg = Release|Any CPU
		{3C205B4C-4B1D-44B0-9F85-C9141C40A661}.Release|Mixed Platforms.Build.0 = Release|Any CPU
		{3C205B4C-4B1D-44B0-9F85-C9141C40A661}.Release|x86.ActiveCfg = Release|Any CPU
		{CF2F9F38-6023-45E4-8306-274896CA869B}.Debug|Any CPU.ActiveCfg = Debug|Any CPU
		{CF2F9F38-6023-45E4-8306-274896CA869B}.Debug|Any CPU.Build.0 = Debug|Any CPU
		{CF2F9F38-6023-45E4-8306-274896CA869B}.Debug|Mixed Platforms.ActiveCfg = Debug|Any CPU
		{CF2F9F38-6023-45E4-8306-274896CA869B}.Debug|Mixed Platforms.Build.0 = Debug|Any CPU
		{CF2F9F38-6023-45E4-8306-274896CA869B}.Debug|x86.ActiveCfg = Debug|Any CPU
		{CF2F9F38-6023-45E4-8306-274896CA869B}.Release|Any CPU.ActiveCfg = Release|Any CPU
		{CF2F9F38-6023-45E4-8306-274896CA869B}.Release|Any CPU.Build.0 = Release|Any CPU
		{CF2F9F38-6023-45E4-8306-274896CA869B}.Release|Mixed Platforms.ActiveCfg = Release|Any CPU
		{CF2F9F38-6023-45E4-8306-274896CA869B}.Release|Mixed Platforms.Build.0 = Release|Any CPU
		{CF2F9F38-6023-45E4-8306-274896CA869B}.Release|x86.ActiveCfg = Release|Any CPU
		{A6095750-6FF8-4C68-9D9E-B92F897339C3}.Debug|Any CPU.ActiveCfg = Debug|Any CPU
		{A6095750-6FF8-4C68-9D9E-B92F897339C3}.Debug|Any CPU.Build.0 = Debug|Any CPU
		{A6095750-6FF8-4C68-9D9E-B92F897339C3}.Debug|Mixed Platforms.ActiveCfg = Debug|Any CPU
		{A6095750-6FF8-4C68-9D9E-B92F897339C3}.Debug|Mixed Platforms.Build.0 = Debug|Any CPU
		{A6095750-6FF8-4C68-9D9E-B92F897339C3}.Debug|x86.ActiveCfg = Debug|Any CPU
		{A6095750-6FF8-4C68-9D9E-B92F897339C3}.Release|Any CPU.ActiveCfg = Release|Any CPU
		{A6095750-6FF8-4C68-9D9E-B92F897339C3}.Release|Any CPU.Build.0 = Release|Any CPU
		{A6095750-6FF8-4C68-9D9E-B92F897339C3}.Release|Mixed Platforms.ActiveCfg = Release|Any CPU
		{A6095750-6FF8-4C68-9D9E-B92F897339C3}.Release|Mixed Platforms.Build.0 = Release|Any CPU
		{A6095750-6FF8-4C68-9D9E-B92F897339C3}.Release|x86.ActiveCfg = Release|Any CPU
		{586019C4-11DC-46FF-B33C-F5432A08B861}.Debug|Any CPU.ActiveCfg = Debug|Any CPU
		{586019C4-11DC-46FF-B33C-F5432A08B861}.Debug|Any CPU.Build.0 = Debug|Any CPU
		{586019C4-11DC-46FF-B33C-F5432A08B861}.Debug|Mixed Platforms.ActiveCfg = Debug|Any CPU
		{586019C4-11DC-46FF-B33C-F5432A08B861}.Debug|Mixed Platforms.Build.0 = Debug|Any CPU
		{586019C4-11DC-46FF-B33C-F5432A08B861}.Debug|x86.ActiveCfg = Debug|Any CPU
		{586019C4-11DC-46FF-B33C-F5432A08B861}.Release|Any CPU.ActiveCfg = Release|Any CPU
		{586019C4-11DC-46FF-B33C-F5432A08B861}.Release|Any CPU.Build.0 = Release|Any CPU
		{586019C4-11DC-46FF-B33C-F5432A08B861}.Release|Mixed Platforms.ActiveCfg = Release|Any CPU
		{586019C4-11DC-46FF-B33C-F5432A08B861}.Release|Mixed Platforms.Build.0 = Release|Any CPU
		{586019C4-11DC-46FF-B33C-F5432A08B861}.Release|x86.ActiveCfg = Release|Any CPU
		{D414FDA9-4F10-4511-8FA8-8AEB44525AFA}.Debug|Any CPU.ActiveCfg = Debug|Any CPU
		{D414FDA9-4F10-4511-8FA8-8AEB44525AFA}.Debug|Any CPU.Build.0 = Debug|Any CPU
		{D414FDA9-4F10-4511-8FA8-8AEB44525AFA}.Debug|Mixed Platforms.ActiveCfg = Debug|Any CPU
		{D414FDA9-4F10-4511-8FA8-8AEB44525AFA}.Debug|Mixed Platforms.Build.0 = Debug|Any CPU
		{D414FDA9-4F10-4511-8FA8-8AEB44525AFA}.Debug|x86.ActiveCfg = Debug|Any CPU
		{D414FDA9-4F10-4511-8FA8-8AEB44525AFA}.Release|Any CPU.ActiveCfg = Release|Any CPU
		{D414FDA9-4F10-4511-8FA8-8AEB44525AFA}.Release|Any CPU.Build.0 = Release|Any CPU
		{D414FDA9-4F10-4511-8FA8-8AEB44525AFA}.Release|Mixed Platforms.ActiveCfg = Release|Any CPU
		{D414FDA9-4F10-4511-8FA8-8AEB44525AFA}.Release|Mixed Platforms.Build.0 = Release|Any CPU
		{D414FDA9-4F10-4511-8FA8-8AEB44525AFA}.Release|x86.ActiveCfg = Release|Any CPU
		{D21CDAB5-41CC-4D87-96B1-67E7FC1C2571}.Debug|Any CPU.ActiveCfg = Debug|Any CPU
		{D21CDAB5-41CC-4D87-96B1-67E7FC1C2571}.Debug|Any CPU.Build.0 = Debug|Any CPU
		{D21CDAB5-41CC-4D87-96B1-67E7FC1C2571}.Debug|Mixed Platforms.ActiveCfg = Debug|Any CPU
		{D21CDAB5-41CC-4D87-96B1-67E7FC1C2571}.Debug|Mixed Platforms.Build.0 = Debug|Any CPU
		{D21CDAB5-41CC-4D87-96B1-67E7FC1C2571}.Debug|x86.ActiveCfg = Debug|Any CPU
		{D21CDAB5-41CC-4D87-96B1-67E7FC1C2571}.Release|Any CPU.ActiveCfg = Release|Any CPU
		{D21CDAB5-41CC-4D87-96B1-67E7FC1C2571}.Release|Any CPU.Build.0 = Release|Any CPU
		{D21CDAB5-41CC-4D87-96B1-67E7FC1C2571}.Release|Mixed Platforms.ActiveCfg = Release|Any CPU
		{D21CDAB5-41CC-4D87-96B1-67E7FC1C2571}.Release|Mixed Platforms.Build.0 = Release|Any CPU
		{D21CDAB5-41CC-4D87-96B1-67E7FC1C2571}.Release|x86.ActiveCfg = Release|Any CPU
		{A22D83C5-A7DE-4753-9B24-EC03B2249AE2}.Debug|Any CPU.ActiveCfg = Debug|Any CPU
		{A22D83C5-A7DE-4753-9B24-EC03B2249AE2}.Debug|Any CPU.Build.0 = Debug|Any CPU
		{A22D83C5-A7DE-4753-9B24-EC03B2249AE2}.Debug|Mixed Platforms.ActiveCfg = Debug|Any CPU
		{A22D83C5-A7DE-4753-9B24-EC03B2249AE2}.Debug|Mixed Platforms.Build.0 = Debug|Any CPU
		{A22D83C5-A7DE-4753-9B24-EC03B2249AE2}.Debug|x86.ActiveCfg = Debug|Any CPU
		{A22D83C5-A7DE-4753-9B24-EC03B2249AE2}.Release|Any CPU.ActiveCfg = Release|Any CPU
		{A22D83C5-A7DE-4753-9B24-EC03B2249AE2}.Release|Any CPU.Build.0 = Release|Any CPU
		{A22D83C5-A7DE-4753-9B24-EC03B2249AE2}.Release|Mixed Platforms.ActiveCfg = Release|Any CPU
		{A22D83C5-A7DE-4753-9B24-EC03B2249AE2}.Release|Mixed Platforms.Build.0 = Release|Any CPU
		{A22D83C5-A7DE-4753-9B24-EC03B2249AE2}.Release|x86.ActiveCfg = Release|Any CPU
		{4B668A64-BEDD-4FAA-986A-5B353E353D0F}.Debug|Any CPU.ActiveCfg = Debug|Any CPU
		{4B668A64-BEDD-4FAA-986A-5B353E353D0F}.Debug|Any CPU.Build.0 = Debug|Any CPU
		{4B668A64-BEDD-4FAA-986A-5B353E353D0F}.Debug|Mixed Platforms.ActiveCfg = Debug|Any CPU
		{4B668A64-BEDD-4FAA-986A-5B353E353D0F}.Debug|Mixed Platforms.Build.0 = Debug|Any CPU
		{4B668A64-BEDD-4FAA-986A-5B353E353D0F}.Debug|x86.ActiveCfg = Debug|Any CPU
		{4B668A64-BEDD-4FAA-986A-5B353E353D0F}.Release|Any CPU.ActiveCfg = Debug|Any CPU
		{4B668A64-BEDD-4FAA-986A-5B353E353D0F}.Release|Any CPU.Build.0 = Debug|Any CPU
		{4B668A64-BEDD-4FAA-986A-5B353E353D0F}.Release|Mixed Platforms.ActiveCfg = Debug|Any CPU
		{4B668A64-BEDD-4FAA-986A-5B353E353D0F}.Release|Mixed Platforms.Build.0 = Debug|Any CPU
		{4B668A64-BEDD-4FAA-986A-5B353E353D0F}.Release|x86.ActiveCfg = Debug|Any CPU
		{28EFD6AD-00F9-4588-B6F4-3DC160698391}.Debug|Any CPU.ActiveCfg = Debug|Any CPU
		{28EFD6AD-00F9-4588-B6F4-3DC160698391}.Debug|Any CPU.Build.0 = Debug|Any CPU
		{28EFD6AD-00F9-4588-B6F4-3DC160698391}.Debug|Mixed Platforms.ActiveCfg = Debug|Any CPU
		{28EFD6AD-00F9-4588-B6F4-3DC160698391}.Debug|Mixed Platforms.Build.0 = Debug|Any CPU
		{28EFD6AD-00F9-4588-B6F4-3DC160698391}.Debug|x86.ActiveCfg = Debug|Any CPU
		{28EFD6AD-00F9-4588-B6F4-3DC160698391}.Release|Any CPU.ActiveCfg = Debug|Any CPU
		{28EFD6AD-00F9-4588-B6F4-3DC160698391}.Release|Any CPU.Build.0 = Debug|Any CPU
		{28EFD6AD-00F9-4588-B6F4-3DC160698391}.Release|Mixed Platforms.ActiveCfg = Debug|Any CPU
		{28EFD6AD-00F9-4588-B6F4-3DC160698391}.Release|Mixed Platforms.Build.0 = Debug|Any CPU
		{28EFD6AD-00F9-4588-B6F4-3DC160698391}.Release|x86.ActiveCfg = Debug|Any CPU
		{DD18F081-71B8-46FF-B272-4308EEFE67B0}.Debug|Any CPU.ActiveCfg = Debug|Any CPU
		{DD18F081-71B8-46FF-B272-4308EEFE67B0}.Debug|Any CPU.Build.0 = Debug|Any CPU
		{DD18F081-71B8-46FF-B272-4308EEFE67B0}.Debug|Mixed Platforms.ActiveCfg = Debug|Any CPU
		{DD18F081-71B8-46FF-B272-4308EEFE67B0}.Debug|Mixed Platforms.Build.0 = Debug|Any CPU
		{DD18F081-71B8-46FF-B272-4308EEFE67B0}.Debug|x86.ActiveCfg = Debug|Any CPU
		{DD18F081-71B8-46FF-B272-4308EEFE67B0}.Release|Any CPU.ActiveCfg = Release|Any CPU
		{DD18F081-71B8-46FF-B272-4308EEFE67B0}.Release|Any CPU.Build.0 = Release|Any CPU
		{DD18F081-71B8-46FF-B272-4308EEFE67B0}.Release|Mixed Platforms.ActiveCfg = Release|Any CPU
		{DD18F081-71B8-46FF-B272-4308EEFE67B0}.Release|Mixed Platforms.Build.0 = Release|Any CPU
		{DD18F081-71B8-46FF-B272-4308EEFE67B0}.Release|x86.ActiveCfg = Release|Any CPU
		{9634D9FB-3DD5-4BD3-955B-3F1F5627211D}.Debug|Any CPU.ActiveCfg = Debug|Any CPU
		{9634D9FB-3DD5-4BD3-955B-3F1F5627211D}.Debug|Any CPU.Build.0 = Debug|Any CPU
		{9634D9FB-3DD5-4BD3-955B-3F1F5627211D}.Debug|Mixed Platforms.ActiveCfg = Debug|Any CPU
		{9634D9FB-3DD5-4BD3-955B-3F1F5627211D}.Debug|Mixed Platforms.Build.0 = Debug|Any CPU
		{9634D9FB-3DD5-4BD3-955B-3F1F5627211D}.Debug|x86.ActiveCfg = Debug|Any CPU
		{9634D9FB-3DD5-4BD3-955B-3F1F5627211D}.Release|Any CPU.ActiveCfg = Release|Any CPU
		{9634D9FB-3DD5-4BD3-955B-3F1F5627211D}.Release|Any CPU.Build.0 = Release|Any CPU
		{9634D9FB-3DD5-4BD3-955B-3F1F5627211D}.Release|Mixed Platforms.ActiveCfg = Release|Any CPU
		{9634D9FB-3DD5-4BD3-955B-3F1F5627211D}.Release|Mixed Platforms.Build.0 = Release|Any CPU
		{9634D9FB-3DD5-4BD3-955B-3F1F5627211D}.Release|x86.ActiveCfg = Release|Any CPU
		{673EED26-B950-4A6B-86DA-C85CB2009D33}.Debug|Any CPU.ActiveCfg = Debug|Any CPU
		{673EED26-B950-4A6B-86DA-C85CB2009D33}.Debug|Any CPU.Build.0 = Debug|Any CPU
		{673EED26-B950-4A6B-86DA-C85CB2009D33}.Debug|Mixed Platforms.ActiveCfg = Debug|Any CPU
		{673EED26-B950-4A6B-86DA-C85CB2009D33}.Debug|Mixed Platforms.Build.0 = Debug|Any CPU
		{673EED26-B950-4A6B-86DA-C85CB2009D33}.Debug|x86.ActiveCfg = Debug|Any CPU
		{673EED26-B950-4A6B-86DA-C85CB2009D33}.Release|Any CPU.ActiveCfg = Release|Any CPU
		{673EED26-B950-4A6B-86DA-C85CB2009D33}.Release|Any CPU.Build.0 = Release|Any CPU
		{673EED26-B950-4A6B-86DA-C85CB2009D33}.Release|Mixed Platforms.ActiveCfg = Release|Any CPU
		{673EED26-B950-4A6B-86DA-C85CB2009D33}.Release|Mixed Platforms.Build.0 = Release|Any CPU
		{673EED26-B950-4A6B-86DA-C85CB2009D33}.Release|x86.ActiveCfg = Release|Any CPU
		{E7D7756E-9ABE-4E8C-8287-DD2CE203DCF3}.Debug|Any CPU.ActiveCfg = Debug|Any CPU
		{E7D7756E-9ABE-4E8C-8287-DD2CE203DCF3}.Debug|Any CPU.Build.0 = Debug|Any CPU
		{E7D7756E-9ABE-4E8C-8287-DD2CE203DCF3}.Debug|Mixed Platforms.ActiveCfg = Debug|Any CPU
		{E7D7756E-9ABE-4E8C-8287-DD2CE203DCF3}.Debug|Mixed Platforms.Build.0 = Debug|Any CPU
		{E7D7756E-9ABE-4E8C-8287-DD2CE203DCF3}.Debug|x86.ActiveCfg = Debug|Any CPU
		{E7D7756E-9ABE-4E8C-8287-DD2CE203DCF3}.Release|Any CPU.ActiveCfg = Release|Any CPU
		{E7D7756E-9ABE-4E8C-8287-DD2CE203DCF3}.Release|Any CPU.Build.0 = Release|Any CPU
		{E7D7756E-9ABE-4E8C-8287-DD2CE203DCF3}.Release|Mixed Platforms.ActiveCfg = Release|Any CPU
		{E7D7756E-9ABE-4E8C-8287-DD2CE203DCF3}.Release|Mixed Platforms.Build.0 = Release|Any CPU
		{E7D7756E-9ABE-4E8C-8287-DD2CE203DCF3}.Release|x86.ActiveCfg = Release|Any CPU
		{95E1DB2E-C042-4874-8FB0-FC42B68B965A}.Debug|Any CPU.ActiveCfg = Debug|Any CPU
		{95E1DB2E-C042-4874-8FB0-FC42B68B965A}.Debug|Any CPU.Build.0 = Debug|Any CPU
		{95E1DB2E-C042-4874-8FB0-FC42B68B965A}.Debug|Mixed Platforms.ActiveCfg = Debug|Any CPU
		{95E1DB2E-C042-4874-8FB0-FC42B68B965A}.Debug|Mixed Platforms.Build.0 = Debug|Any CPU
		{95E1DB2E-C042-4874-8FB0-FC42B68B965A}.Debug|x86.ActiveCfg = Debug|Any CPU
		{95E1DB2E-C042-4874-8FB0-FC42B68B965A}.Release|Any CPU.ActiveCfg = Release|Any CPU
		{95E1DB2E-C042-4874-8FB0-FC42B68B965A}.Release|Any CPU.Build.0 = Release|Any CPU
		{95E1DB2E-C042-4874-8FB0-FC42B68B965A}.Release|Mixed Platforms.ActiveCfg = Release|Any CPU
		{95E1DB2E-C042-4874-8FB0-FC42B68B965A}.Release|Mixed Platforms.Build.0 = Release|Any CPU
		{95E1DB2E-C042-4874-8FB0-FC42B68B965A}.Release|x86.ActiveCfg = Release|Any CPU
		{2F79C306-6BF2-48B7-B701-DA2A666416D4}.Debug|Any CPU.ActiveCfg = Debug|Any CPU
		{2F79C306-6BF2-48B7-B701-DA2A666416D4}.Debug|Any CPU.Build.0 = Debug|Any CPU
		{2F79C306-6BF2-48B7-B701-DA2A666416D4}.Debug|Mixed Platforms.ActiveCfg = Debug|Any CPU
		{2F79C306-6BF2-48B7-B701-DA2A666416D4}.Debug|Mixed Platforms.Build.0 = Debug|Any CPU
		{2F79C306-6BF2-48B7-B701-DA2A666416D4}.Debug|x86.ActiveCfg = Debug|Any CPU
		{2F79C306-6BF2-48B7-B701-DA2A666416D4}.Release|Any CPU.ActiveCfg = Release|Any CPU
		{2F79C306-6BF2-48B7-B701-DA2A666416D4}.Release|Any CPU.Build.0 = Release|Any CPU
		{2F79C306-6BF2-48B7-B701-DA2A666416D4}.Release|Mixed Platforms.ActiveCfg = Release|Any CPU
		{2F79C306-6BF2-48B7-B701-DA2A666416D4}.Release|Mixed Platforms.Build.0 = Release|Any CPU
		{2F79C306-6BF2-48B7-B701-DA2A666416D4}.Release|x86.ActiveCfg = Release|Any CPU
		{8E95ECDA-4F11-4C8C-B0A7-43DD50616D87}.Debug|Any CPU.ActiveCfg = Debug|x86
		{8E95ECDA-4F11-4C8C-B0A7-43DD50616D87}.Debug|Mixed Platforms.ActiveCfg = Debug|x86
		{8E95ECDA-4F11-4C8C-B0A7-43DD50616D87}.Debug|Mixed Platforms.Build.0 = Debug|x86
		{8E95ECDA-4F11-4C8C-B0A7-43DD50616D87}.Debug|x86.ActiveCfg = Debug|x86
		{8E95ECDA-4F11-4C8C-B0A7-43DD50616D87}.Debug|x86.Build.0 = Debug|x86
		{8E95ECDA-4F11-4C8C-B0A7-43DD50616D87}.Release|Any CPU.ActiveCfg = Release|x86
		{8E95ECDA-4F11-4C8C-B0A7-43DD50616D87}.Release|Mixed Platforms.ActiveCfg = Release|x86
		{8E95ECDA-4F11-4C8C-B0A7-43DD50616D87}.Release|Mixed Platforms.Build.0 = Release|x86
		{8E95ECDA-4F11-4C8C-B0A7-43DD50616D87}.Release|x86.ActiveCfg = Release|x86
		{8E95ECDA-4F11-4C8C-B0A7-43DD50616D87}.Release|x86.Build.0 = Release|x86
	EndGlobalSection
	GlobalSection(SolutionProperties) = preSolution
		HideSolutionNode = FALSE
	EndGlobalSection
	GlobalSection(NestedProjects) = preSolution
		{C81B88F2-5AC2-4FD5-9017-4421DC63790C} = {F14B9744-659B-47F6-B517-8B88CDA3A3BB}
		{A22D83C5-A7DE-4753-9B24-EC03B2249AE2} = {F14B9744-659B-47F6-B517-8B88CDA3A3BB}
		{2F79C306-6BF2-48B7-B701-DA2A666416D4} = {F14B9744-659B-47F6-B517-8B88CDA3A3BB}
		{3C205B4C-4B1D-44B0-9F85-C9141C40A661} = {8C382B32-AD8C-4D03-AABA-4B943750693E}
		{CF2F9F38-6023-45E4-8306-274896CA869B} = {B97EA35A-8A23-4A7F-90BC-442B01070BBB}
		{4B668A64-BEDD-4FAA-986A-5B353E353D0F} = {B20C100A-A09D-4EE8-B262-03802710A61F}
		{28EFD6AD-00F9-4588-B6F4-3DC160698391} = {B20C100A-A09D-4EE8-B262-03802710A61F}
		{A6095750-6FF8-4C68-9D9E-B92F897339C3} = {9841F096-BC7B-4A85-82E8-6A7833CAC29A}
		{586019C4-11DC-46FF-B33C-F5432A08B861} = {9841F096-BC7B-4A85-82E8-6A7833CAC29A}
		{D414FDA9-4F10-4511-8FA8-8AEB44525AFA} = {9841F096-BC7B-4A85-82E8-6A7833CAC29A}
		{D21CDAB5-41CC-4D87-96B1-67E7FC1C2571} = {C649033F-C958-48BE-AB5A-DBACEB538C1F}
		{E7D7756E-9ABE-4E8C-8287-DD2CE203DCF3} = {67FD0C94-5D1B-479E-80A1-604C3DD81882}
		{95E1DB2E-C042-4874-8FB0-FC42B68B965A} = {67FD0C94-5D1B-479E-80A1-604C3DD81882}
		{DD18F081-71B8-46FF-B272-4308EEFE67B0} = {3CBF4826-5EBE-402D-B4F5-42F5B00F57C2}
		{9634D9FB-3DD5-4BD3-955B-3F1F5627211D} = {3CBF4826-5EBE-402D-B4F5-42F5B00F57C2}
		{673EED26-B950-4A6B-86DA-C85CB2009D33} = {3CBF4826-5EBE-402D-B4F5-42F5B00F57C2}
		{8E95ECDA-4F11-4C8C-B0A7-43DD50616D87} = {3CBF4826-5EBE-402D-B4F5-42F5B00F57C2}
	EndGlobalSection
EndGlobal
